
Microsoft Visual Studio Solution File, Format Version 12.00
# Visual Studio 15
VisualStudioVersion = 15.0.26124.0
MinimumVisualStudioVersion = 15.0.26124.0
Project("{9A19103F-16F7-4668-BE54-9A1E7A4F7556}") = "Microsoft.AspNetCore.Hosting.Abstractions", "Hosting-master\src\Microsoft.AspNetCore.Hosting.Abstractions\Microsoft.AspNetCore.Hosting.Abstractions.csproj", "{D594F1B7-7BFD-4690-80C3-9A7BB94FA129}"
EndProject
Project("{9A19103F-16F7-4668-BE54-9A1E7A4F7556}") = "Microsoft.AspNetCore.Hosting", "Hosting-master\src\Microsoft.AspNetCore.Hosting\Microsoft.AspNetCore.Hosting.csproj", "{F2F44BBC-3A27-4A2F-8BA0-8ED75A13567C}"
EndProject
Project("{9A19103F-16F7-4668-BE54-9A1E7A4F7556}") = "Microsoft.AspNetCore.Hosting.Server.Abstractions", "Hosting-master\src\Microsoft.AspNetCore.Hosting.Server.Abstractions\Microsoft.AspNetCore.Hosting.Server.Abstractions.csproj", "{BD5A9345-E42B-4856-907F-7F5E937A0D92}"
EndProject
Project("{9A19103F-16F7-4668-BE54-9A1E7A4F7556}") = "Microsoft.Extensions.Hosting.Abstractions", "Hosting-master\src\Microsoft.Extensions.Hosting.Abstractions\Microsoft.Extensions.Hosting.Abstractions.csproj", "{D7C53682-F7BE-447B-A49A-EA25D9AC5AC3}"
EndProject
Project("{9A19103F-16F7-4668-BE54-9A1E7A4F7556}") = "Microsoft.AspNetCore", "MetaPackages-master\src\Microsoft.AspNetCore\Microsoft.AspNetCore.csproj", "{868A5D43-ED77-4500-A0A7-C38DAE85B439}"
EndProject
Project("{9A19103F-16F7-4668-BE54-9A1E7A4F7556}") = "CustomizeMiddleware", "CustomizeMiddleware\CustomizeMiddleware.csproj", "{C5DE7500-48B9-4FD5-B744-6F78F200E61B}"
EndProject
Project("{9A19103F-16F7-4668-BE54-9A1E7A4F7556}") = "QuickStart1_WebStart", "QuickStart1_WebStart\QuickStart1_WebStart.csproj", "{26E45010-2184-4FB7-8BBA-3BBC5812DD76}"
EndProject
Project("{9A19103F-16F7-4668-BE54-9A1E7A4F7556}") = "Microsoft.Extensions.Options", "Options-master\src\Microsoft.Extensions.Options\Microsoft.Extensions.Options.csproj", "{FEF333BD-475A-4298-B90F-2AA9A527DFFE}"
EndProject
Project("{9A19103F-16F7-4668-BE54-9A1E7A4F7556}") = "DI.Abstractions", "DependencyInjection-master\src\DI.Abstractions\DI.Abstractions.csproj", "{927CF3C4-2486-48F2-964E-113F606F1969}"
EndProject
Project("{9A19103F-16F7-4668-BE54-9A1E7A4F7556}") = "Microsoft.Extensions.Options.ConfigurationExtensions", "Options-master\src\Microsoft.Extensions.Options.ConfigurationExtensions\Microsoft.Extensions.Options.ConfigurationExtensions.csproj", "{73C32CC1-015E-4ACD-8EF3-CFF119A2034B}"
EndProject
Project("{9A19103F-16F7-4668-BE54-9A1E7A4F7556}") = "Microsoft.Extensions.Primitives", "Common-master\src\Microsoft.Extensions.Primitives\Microsoft.Extensions.Primitives.csproj", "{2F00C377-2152-40CC-BADA-83E2B17F36E0}"
EndProject
Project("{9A19103F-16F7-4668-BE54-9A1E7A4F7556}") = "Config.Abstractions", "Configuration-master\src\Config.Abstractions\Config.Abstractions.csproj", "{6D2A29F7-4234-4943-80FA-24DD1A44B484}"
EndProject
Project("{9A19103F-16F7-4668-BE54-9A1E7A4F7556}") = "Config", "Configuration-master\src\Config\Config.csproj", "{69D4CFBF-389C-4BA9-AEAC-D5011CF92E4B}"
EndProject
Project("{9A19103F-16F7-4668-BE54-9A1E7A4F7556}") = "Config.Binder", "Configuration-master\src\Config.Binder\Config.Binder.csproj", "{BBDDC361-2E3D-4981-9768-C584AE2E54BB}"
EndProject
Project("{9A19103F-16F7-4668-BE54-9A1E7A4F7556}") = "Config.Json", "Configuration-master\src\Config.Json\Config.Json.csproj", "{8B394B66-0970-4596-8B8C-BC0FB101CF80}"
EndProject
Global
	GlobalSection(SolutionConfigurationPlatforms) = preSolution
		Debug|Any CPU = Debug|Any CPU
		Debug|x64 = Debug|x64
		Debug|x86 = Debug|x86
		Release|Any CPU = Release|Any CPU
		Release|x64 = Release|x64
		Release|x86 = Release|x86
	EndGlobalSection
	GlobalSection(ProjectConfigurationPlatforms) = postSolution
		{D594F1B7-7BFD-4690-80C3-9A7BB94FA129}.Debug|Any CPU.ActiveCfg = Debug|Any CPU
		{D594F1B7-7BFD-4690-80C3-9A7BB94FA129}.Debug|Any CPU.Build.0 = Debug|Any CPU
		{D594F1B7-7BFD-4690-80C3-9A7BB94FA129}.Debug|x64.ActiveCfg = Debug|Any CPU
		{D594F1B7-7BFD-4690-80C3-9A7BB94FA129}.Debug|x64.Build.0 = Debug|Any CPU
		{D594F1B7-7BFD-4690-80C3-9A7BB94FA129}.Debug|x86.ActiveCfg = Debug|Any CPU
		{D594F1B7-7BFD-4690-80C3-9A7BB94FA129}.Debug|x86.Build.0 = Debug|Any CPU
		{D594F1B7-7BFD-4690-80C3-9A7BB94FA129}.Release|Any CPU.ActiveCfg = Release|Any CPU
		{D594F1B7-7BFD-4690-80C3-9A7BB94FA129}.Release|Any CPU.Build.0 = Release|Any CPU
		{D594F1B7-7BFD-4690-80C3-9A7BB94FA129}.Release|x64.ActiveCfg = Release|Any CPU
		{D594F1B7-7BFD-4690-80C3-9A7BB94FA129}.Release|x64.Build.0 = Release|Any CPU
		{D594F1B7-7BFD-4690-80C3-9A7BB94FA129}.Release|x86.ActiveCfg = Release|Any CPU
		{D594F1B7-7BFD-4690-80C3-9A7BB94FA129}.Release|x86.Build.0 = Release|Any CPU
		{F2F44BBC-3A27-4A2F-8BA0-8ED75A13567C}.Debug|Any CPU.ActiveCfg = Debug|Any CPU
		{F2F44BBC-3A27-4A2F-8BA0-8ED75A13567C}.Debug|Any CPU.Build.0 = Debug|Any CPU
		{F2F44BBC-3A27-4A2F-8BA0-8ED75A13567C}.Debug|x64.ActiveCfg = Debug|Any CPU
		{F2F44BBC-3A27-4A2F-8BA0-8ED75A13567C}.Debug|x64.Build.0 = Debug|Any CPU
		{F2F44BBC-3A27-4A2F-8BA0-8ED75A13567C}.Debug|x86.ActiveCfg = Debug|Any CPU
		{F2F44BBC-3A27-4A2F-8BA0-8ED75A13567C}.Debug|x86.Build.0 = Debug|Any CPU
		{F2F44BBC-3A27-4A2F-8BA0-8ED75A13567C}.Release|Any CPU.ActiveCfg = Release|Any CPU
		{F2F44BBC-3A27-4A2F-8BA0-8ED75A13567C}.Release|Any CPU.Build.0 = Release|Any CPU
		{F2F44BBC-3A27-4A2F-8BA0-8ED75A13567C}.Release|x64.ActiveCfg = Release|Any CPU
		{F2F44BBC-3A27-4A2F-8BA0-8ED75A13567C}.Release|x64.Build.0 = Release|Any CPU
		{F2F44BBC-3A27-4A2F-8BA0-8ED75A13567C}.Release|x86.ActiveCfg = Release|Any CPU
		{F2F44BBC-3A27-4A2F-8BA0-8ED75A13567C}.Release|x86.Build.0 = Release|Any CPU
		{BD5A9345-E42B-4856-907F-7F5E937A0D92}.Debug|Any CPU.ActiveCfg = Debug|Any CPU
		{BD5A9345-E42B-4856-907F-7F5E937A0D92}.Debug|Any CPU.Build.0 = Debug|Any CPU
		{BD5A9345-E42B-4856-907F-7F5E937A0D92}.Debug|x64.ActiveCfg = Debug|Any CPU
		{BD5A9345-E42B-4856-907F-7F5E937A0D92}.Debug|x64.Build.0 = Debug|Any CPU
		{BD5A9345-E42B-4856-907F-7F5E937A0D92}.Debug|x86.ActiveCfg = Debug|Any CPU
		{BD5A9345-E42B-4856-907F-7F5E937A0D92}.Debug|x86.Build.0 = Debug|Any CPU
		{BD5A9345-E42B-4856-907F-7F5E937A0D92}.Release|Any CPU.ActiveCfg = Release|Any CPU
		{BD5A9345-E42B-4856-907F-7F5E937A0D92}.Release|Any CPU.Build.0 = Release|Any CPU
		{BD5A9345-E42B-4856-907F-7F5E937A0D92}.Release|x64.ActiveCfg = Release|Any CPU
		{BD5A9345-E42B-4856-907F-7F5E937A0D92}.Release|x64.Build.0 = Release|Any CPU
		{BD5A9345-E42B-4856-907F-7F5E937A0D92}.Release|x86.ActiveCfg = Release|Any CPU
		{BD5A9345-E42B-4856-907F-7F5E937A0D92}.Release|x86.Build.0 = Release|Any CPU
		{D7C53682-F7BE-447B-A49A-EA25D9AC5AC3}.Debug|Any CPU.ActiveCfg = Debug|Any CPU
		{D7C53682-F7BE-447B-A49A-EA25D9AC5AC3}.Debug|Any CPU.Build.0 = Debug|Any CPU
		{D7C53682-F7BE-447B-A49A-EA25D9AC5AC3}.Debug|x64.ActiveCfg = Debug|Any CPU
		{D7C53682-F7BE-447B-A49A-EA25D9AC5AC3}.Debug|x64.Build.0 = Debug|Any CPU
		{D7C53682-F7BE-447B-A49A-EA25D9AC5AC3}.Debug|x86.ActiveCfg = Debug|Any CPU
		{D7C53682-F7BE-447B-A49A-EA25D9AC5AC3}.Debug|x86.Build.0 = Debug|Any CPU
		{D7C53682-F7BE-447B-A49A-EA25D9AC5AC3}.Release|Any CPU.ActiveCfg = Release|Any CPU
		{D7C53682-F7BE-447B-A49A-EA25D9AC5AC3}.Release|Any CPU.Build.0 = Release|Any CPU
		{D7C53682-F7BE-447B-A49A-EA25D9AC5AC3}.Release|x64.ActiveCfg = Release|Any CPU
		{D7C53682-F7BE-447B-A49A-EA25D9AC5AC3}.Release|x64.Build.0 = Release|Any CPU
		{D7C53682-F7BE-447B-A49A-EA25D9AC5AC3}.Release|x86.ActiveCfg = Release|Any CPU
		{D7C53682-F7BE-447B-A49A-EA25D9AC5AC3}.Release|x86.Build.0 = Release|Any CPU
		{868A5D43-ED77-4500-A0A7-C38DAE85B439}.Debug|Any CPU.ActiveCfg = Debug|Any CPU
		{868A5D43-ED77-4500-A0A7-C38DAE85B439}.Debug|Any CPU.Build.0 = Debug|Any CPU
		{868A5D43-ED77-4500-A0A7-C38DAE85B439}.Debug|x64.ActiveCfg = Debug|Any CPU
		{868A5D43-ED77-4500-A0A7-C38DAE85B439}.Debug|x64.Build.0 = Debug|Any CPU
		{868A5D43-ED77-4500-A0A7-C38DAE85B439}.Debug|x86.ActiveCfg = Debug|Any CPU
		{868A5D43-ED77-4500-A0A7-C38DAE85B439}.Debug|x86.Build.0 = Debug|Any CPU
		{868A5D43-ED77-4500-A0A7-C38DAE85B439}.Release|Any CPU.ActiveCfg = Release|Any CPU
		{868A5D43-ED77-4500-A0A7-C38DAE85B439}.Release|Any CPU.Build.0 = Release|Any CPU
		{868A5D43-ED77-4500-A0A7-C38DAE85B439}.Release|x64.ActiveCfg = Release|Any CPU
		{868A5D43-ED77-4500-A0A7-C38DAE85B439}.Release|x64.Build.0 = Release|Any CPU
		{868A5D43-ED77-4500-A0A7-C38DAE85B439}.Release|x86.ActiveCfg = Release|Any CPU
		{868A5D43-ED77-4500-A0A7-C38DAE85B439}.Release|x86.Build.0 = Release|Any CPU
		{C5DE7500-48B9-4FD5-B744-6F78F200E61B}.Debug|Any CPU.ActiveCfg = Debug|Any CPU
		{C5DE7500-48B9-4FD5-B744-6F78F200E61B}.Debug|Any CPU.Build.0 = Debug|Any CPU
		{C5DE7500-48B9-4FD5-B744-6F78F200E61B}.Debug|x64.ActiveCfg = Debug|Any CPU
		{C5DE7500-48B9-4FD5-B744-6F78F200E61B}.Debug|x64.Build.0 = Debug|Any CPU
		{C5DE7500-48B9-4FD5-B744-6F78F200E61B}.Debug|x86.ActiveCfg = Debug|Any CPU
		{C5DE7500-48B9-4FD5-B744-6F78F200E61B}.Debug|x86.Build.0 = Debug|Any CPU
		{C5DE7500-48B9-4FD5-B744-6F78F200E61B}.Release|Any CPU.ActiveCfg = Release|Any CPU
		{C5DE7500-48B9-4FD5-B744-6F78F200E61B}.Release|Any CPU.Build.0 = Release|Any CPU
		{C5DE7500-48B9-4FD5-B744-6F78F200E61B}.Release|x64.ActiveCfg = Release|Any CPU
		{C5DE7500-48B9-4FD5-B744-6F78F200E61B}.Release|x64.Build.0 = Release|Any CPU
		{C5DE7500-48B9-4FD5-B744-6F78F200E61B}.Release|x86.ActiveCfg = Release|Any CPU
		{C5DE7500-48B9-4FD5-B744-6F78F200E61B}.Release|x86.Build.0 = Release|Any CPU
		{26E45010-2184-4FB7-8BBA-3BBC5812DD76}.Debug|Any CPU.ActiveCfg = Debug|Any CPU
		{26E45010-2184-4FB7-8BBA-3BBC5812DD76}.Debug|Any CPU.Build.0 = Debug|Any CPU
		{26E45010-2184-4FB7-8BBA-3BBC5812DD76}.Debug|x64.ActiveCfg = Debug|Any CPU
		{26E45010-2184-4FB7-8BBA-3BBC5812DD76}.Debug|x64.Build.0 = Debug|Any CPU
		{26E45010-2184-4FB7-8BBA-3BBC5812DD76}.Debug|x86.ActiveCfg = Debug|Any CPU
		{26E45010-2184-4FB7-8BBA-3BBC5812DD76}.Debug|x86.Build.0 = Debug|Any CPU
		{26E45010-2184-4FB7-8BBA-3BBC5812DD76}.Release|Any CPU.ActiveCfg = Release|Any CPU
		{26E45010-2184-4FB7-8BBA-3BBC5812DD76}.Release|Any CPU.Build.0 = Release|Any CPU
		{26E45010-2184-4FB7-8BBA-3BBC5812DD76}.Release|x64.ActiveCfg = Release|Any CPU
		{26E45010-2184-4FB7-8BBA-3BBC5812DD76}.Release|x64.Build.0 = Release|Any CPU
		{26E45010-2184-4FB7-8BBA-3BBC5812DD76}.Release|x86.ActiveCfg = Release|Any CPU
		{26E45010-2184-4FB7-8BBA-3BBC5812DD76}.Release|x86.Build.0 = Release|Any CPU
		{FEF333BD-475A-4298-B90F-2AA9A527DFFE}.Debug|Any CPU.ActiveCfg = Debug|Any CPU
		{FEF333BD-475A-4298-B90F-2AA9A527DFFE}.Debug|Any CPU.Build.0 = Debug|Any CPU
		{FEF333BD-475A-4298-B90F-2AA9A527DFFE}.Debug|x64.ActiveCfg = Debug|Any CPU
		{FEF333BD-475A-4298-B90F-2AA9A527DFFE}.Debug|x64.Build.0 = Debug|Any CPU
		{FEF333BD-475A-4298-B90F-2AA9A527DFFE}.Debug|x86.ActiveCfg = Debug|Any CPU
		{FEF333BD-475A-4298-B90F-2AA9A527DFFE}.Debug|x86.Build.0 = Debug|Any CPU
		{FEF333BD-475A-4298-B90F-2AA9A527DFFE}.Release|Any CPU.ActiveCfg = Release|Any CPU
		{FEF333BD-475A-4298-B90F-2AA9A527DFFE}.Release|Any CPU.Build.0 = Release|Any CPU
		{FEF333BD-475A-4298-B90F-2AA9A527DFFE}.Release|x64.ActiveCfg = Release|Any CPU
		{FEF333BD-475A-4298-B90F-2AA9A527DFFE}.Release|x64.Build.0 = Release|Any CPU
		{FEF333BD-475A-4298-B90F-2AA9A527DFFE}.Release|x86.ActiveCfg = Release|Any CPU
		{FEF333BD-475A-4298-B90F-2AA9A527DFFE}.Release|x86.Build.0 = Release|Any CPU
		{927CF3C4-2486-48F2-964E-113F606F1969}.Debug|Any CPU.ActiveCfg = Debug|Any CPU
		{927CF3C4-2486-48F2-964E-113F606F1969}.Debug|Any CPU.Build.0 = Debug|Any CPU
		{927CF3C4-2486-48F2-964E-113F606F1969}.Debug|x64.ActiveCfg = Debug|Any CPU
		{927CF3C4-2486-48F2-964E-113F606F1969}.Debug|x64.Build.0 = Debug|Any CPU
		{927CF3C4-2486-48F2-964E-113F606F1969}.Debug|x86.ActiveCfg = Debug|Any CPU
		{927CF3C4-2486-48F2-964E-113F606F1969}.Debug|x86.Build.0 = Debug|Any CPU
		{927CF3C4-2486-48F2-964E-113F606F1969}.Release|Any CPU.ActiveCfg = Release|Any CPU
		{927CF3C4-2486-48F2-964E-113F606F1969}.Release|Any CPU.Build.0 = Release|Any CPU
		{927CF3C4-2486-48F2-964E-113F606F1969}.Release|x64.ActiveCfg = Release|Any CPU
		{927CF3C4-2486-48F2-964E-113F606F1969}.Release|x64.Build.0 = Release|Any CPU
		{927CF3C4-2486-48F2-964E-113F606F1969}.Release|x86.ActiveCfg = Release|Any CPU
		{927CF3C4-2486-48F2-964E-113F606F1969}.Release|x86.Build.0 = Release|Any CPU
		{73C32CC1-015E-4ACD-8EF3-CFF119A2034B}.Debug|Any CPU.ActiveCfg = Debug|Any CPU
		{73C32CC1-015E-4ACD-8EF3-CFF119A2034B}.Debug|Any CPU.Build.0 = Debug|Any CPU
		{73C32CC1-015E-4ACD-8EF3-CFF119A2034B}.Debug|x64.ActiveCfg = Debug|Any CPU
		{73C32CC1-015E-4ACD-8EF3-CFF119A2034B}.Debug|x64.Build.0 = Debug|Any CPU
		{73C32CC1-015E-4ACD-8EF3-CFF119A2034B}.Debug|x86.ActiveCfg = Debug|Any CPU
		{73C32CC1-015E-4ACD-8EF3-CFF119A2034B}.Debug|x86.Build.0 = Debug|Any CPU
		{73C32CC1-015E-4ACD-8EF3-CFF119A2034B}.Release|Any CPU.ActiveCfg = Release|Any CPU
		{73C32CC1-015E-4ACD-8EF3-CFF119A2034B}.Release|Any CPU.Build.0 = Release|Any CPU
		{73C32CC1-015E-4ACD-8EF3-CFF119A2034B}.Release|x64.ActiveCfg = Release|Any CPU
		{73C32CC1-015E-4ACD-8EF3-CFF119A2034B}.Release|x64.Build.0 = Release|Any CPU
		{73C32CC1-015E-4ACD-8EF3-CFF119A2034B}.Release|x86.ActiveCfg = Release|Any CPU
		{73C32CC1-015E-4ACD-8EF3-CFF119A2034B}.Release|x86.Build.0 = Release|Any CPU
		{2F00C377-2152-40CC-BADA-83E2B17F36E0}.Debug|Any CPU.ActiveCfg = Debug|Any CPU
		{2F00C377-2152-40CC-BADA-83E2B17F36E0}.Debug|Any CPU.Build.0 = Debug|Any CPU
		{2F00C377-2152-40CC-BADA-83E2B17F36E0}.Debug|x64.ActiveCfg = Debug|Any CPU
		{2F00C377-2152-40CC-BADA-83E2B17F36E0}.Debug|x64.Build.0 = Debug|Any CPU
		{2F00C377-2152-40CC-BADA-83E2B17F36E0}.Debug|x86.ActiveCfg = Debug|Any CPU
		{2F00C377-2152-40CC-BADA-83E2B17F36E0}.Debug|x86.Build.0 = Debug|Any CPU
		{2F00C377-2152-40CC-BADA-83E2B17F36E0}.Release|Any CPU.ActiveCfg = Release|Any CPU
		{2F00C377-2152-40CC-BADA-83E2B17F36E0}.Release|Any CPU.Build.0 = Release|Any CPU
		{2F00C377-2152-40CC-BADA-83E2B17F36E0}.Release|x64.ActiveCfg = Release|Any CPU
		{2F00C377-2152-40CC-BADA-83E2B17F36E0}.Release|x64.Build.0 = Release|Any CPU
		{2F00C377-2152-40CC-BADA-83E2B17F36E0}.Release|x86.ActiveCfg = Release|Any CPU
		{2F00C377-2152-40CC-BADA-83E2B17F36E0}.Release|x86.Build.0 = Release|Any CPU
		{6D2A29F7-4234-4943-80FA-24DD1A44B484}.Debug|Any CPU.ActiveCfg = Debug|Any CPU
		{6D2A29F7-4234-4943-80FA-24DD1A44B484}.Debug|Any CPU.Build.0 = Debug|Any CPU
		{6D2A29F7-4234-4943-80FA-24DD1A44B484}.Debug|x64.ActiveCfg = Debug|Any CPU
		{6D2A29F7-4234-4943-80FA-24DD1A44B484}.Debug|x64.Build.0 = Debug|Any CPU
		{6D2A29F7-4234-4943-80FA-24DD1A44B484}.Debug|x86.ActiveCfg = Debug|Any CPU
		{6D2A29F7-4234-4943-80FA-24DD1A44B484}.Debug|x86.Build.0 = Debug|Any CPU
		{6D2A29F7-4234-4943-80FA-24DD1A44B484}.Release|Any CPU.ActiveCfg = Release|Any CPU
		{6D2A29F7-4234-4943-80FA-24DD1A44B484}.Release|Any CPU.Build.0 = Release|Any CPU
		{6D2A29F7-4234-4943-80FA-24DD1A44B484}.Release|x64.ActiveCfg = Release|Any CPU
		{6D2A29F7-4234-4943-80FA-24DD1A44B484}.Release|x64.Build.0 = Release|Any CPU
		{6D2A29F7-4234-4943-80FA-24DD1A44B484}.Release|x86.ActiveCfg = Release|Any CPU
		{6D2A29F7-4234-4943-80FA-24DD1A44B484}.Release|x86.Build.0 = Release|Any CPU
		{69D4CFBF-389C-4BA9-AEAC-D5011CF92E4B}.Debug|Any CPU.ActiveCfg = Debug|Any CPU
		{69D4CFBF-389C-4BA9-AEAC-D5011CF92E4B}.Debug|Any CPU.Build.0 = Debug|Any CPU
		{69D4CFBF-389C-4BA9-AEAC-D5011CF92E4B}.Debug|x64.ActiveCfg = Debug|Any CPU
		{69D4CFBF-389C-4BA9-AEAC-D5011CF92E4B}.Debug|x64.Build.0 = Debug|Any CPU
		{69D4CFBF-389C-4BA9-AEAC-D5011CF92E4B}.Debug|x86.ActiveCfg = Debug|Any CPU
		{69D4CFBF-389C-4BA9-AEAC-D5011CF92E4B}.Debug|x86.Build.0 = Debug|Any CPU
		{69D4CFBF-389C-4BA9-AEAC-D5011CF92E4B}.Release|Any CPU.ActiveCfg = Release|Any CPU
		{69D4CFBF-389C-4BA9-AEAC-D5011CF92E4B}.Release|Any CPU.Build.0 = Release|Any CPU
		{69D4CFBF-389C-4BA9-AEAC-D5011CF92E4B}.Release|x64.ActiveCfg = Release|Any CPU
		{69D4CFBF-389C-4BA9-AEAC-D5011CF92E4B}.Release|x64.Build.0 = Release|Any CPU
		{69D4CFBF-389C-4BA9-AEAC-D5011CF92E4B}.Release|x86.ActiveCfg = Release|Any CPU
		{69D4CFBF-389C-4BA9-AEAC-D5011CF92E4B}.Release|x86.Build.0 = Release|Any CPU
		{BBDDC361-2E3D-4981-9768-C584AE2E54BB}.Debug|Any CPU.ActiveCfg = Debug|Any CPU
		{BBDDC361-2E3D-4981-9768-C584AE2E54BB}.Debug|Any CPU.Build.0 = Debug|Any CPU
		{BBDDC361-2E3D-4981-9768-C584AE2E54BB}.Debug|x64.ActiveCfg = Debug|Any CPU
		{BBDDC361-2E3D-4981-9768-C584AE2E54BB}.Debug|x64.Build.0 = Debug|Any CPU
		{BBDDC361-2E3D-4981-9768-C584AE2E54BB}.Debug|x86.ActiveCfg = Debug|Any CPU
		{BBDDC361-2E3D-4981-9768-C584AE2E54BB}.Debug|x86.Build.0 = Debug|Any CPU
		{BBDDC361-2E3D-4981-9768-C584AE2E54BB}.Release|Any CPU.ActiveCfg = Release|Any CPU
		{BBDDC361-2E3D-4981-9768-C584AE2E54BB}.Release|Any CPU.Build.0 = Release|Any CPU
		{BBDDC361-2E3D-4981-9768-C584AE2E54BB}.Release|x64.ActiveCfg = Release|Any CPU
		{BBDDC361-2E3D-4981-9768-C584AE2E54BB}.Release|x64.Build.0 = Release|Any CPU
		{BBDDC361-2E3D-4981-9768-C584AE2E54BB}.Release|x86.ActiveCfg = Release|Any CPU
		{BBDDC361-2E3D-4981-9768-C584AE2E54BB}.Release|x86.Build.0 = Release|Any CPU
		{8B394B66-0970-4596-8B8C-BC0FB101CF80}.Debug|Any CPU.ActiveCfg = Debug|Any CPU
		{8B394B66-0970-4596-8B8C-BC0FB101CF80}.Debug|Any CPU.Build.0 = Debug|Any CPU
		{8B394B66-0970-4596-8B8C-BC0FB101CF80}.Debug|x64.ActiveCfg = Debug|Any CPU
		{8B394B66-0970-4596-8B8C-BC0FB101CF80}.Debug|x64.Build.0 = Debug|Any CPU
		{8B394B66-0970-4596-8B8C-BC0FB101CF80}.Debug|x86.ActiveCfg = Debug|Any CPU
		{8B394B66-0970-4596-8B8C-BC0FB101CF80}.Debug|x86.Build.0 = Debug|Any CPU
		{8B394B66-0970-4596-8B8C-BC0FB101CF80}.Release|Any CPU.ActiveCfg = Release|Any CPU
		{8B394B66-0970-4596-8B8C-BC0FB101CF80}.Release|Any CPU.Build.0 = Release|Any CPU
		{8B394B66-0970-4596-8B8C-BC0FB101CF80}.Release|x64.ActiveCfg = Release|Any CPU
		{8B394B66-0970-4596-8B8C-BC0FB101CF80}.Release|x64.Build.0 = Release|Any CPU
		{8B394B66-0970-4596-8B8C-BC0FB101CF80}.Release|x86.ActiveCfg = Release|Any CPU
		{8B394B66-0970-4596-8B8C-BC0FB101CF80}.Release|x86.Build.0 = Release|Any CPU
	EndGlobalSection
	GlobalSection(SolutionProperties) = preSolution
		HideSolutionNode = FALSE
	EndGlobalSection
	GlobalSection(ExtensibilityGlobals) = postSolution
		SolutionGuid = {A48B76D6-8420-4093-B833-011C96674E9A}
	EndGlobalSection
EndGlobal
